// !$*UTF8*$!
{
	archiveVersion = 1;
	classes = {
	};
	objectVersion = 56;
	objects = {

/* Begin PBXBuildFile section */
		05AE519F2DE551C300000679 /* PastWorkoutDetailView.swift in Sources */ = {isa = PBXBuildFile; fileRef = 05AE519E2DE551C200000679 /* PastWorkoutDetailView.swift */; };
		05AE51A12DE556F500000679 /* CreateEditRoutineView.swift in Sources */ = {isa = PBXBuildFile; fileRef = 05AE51A02DE556F400000679 /* CreateEditRoutineView.swift */; };
		05D556E72DE39D1C00EE6235 /* Auth in Frameworks */ = {isa = PBXBuildFile; productRef = 05D556E62DE39D1C00EE6235 /* Auth */; };
		05D556E92DE39D1C00EE6235 /* Functions in Frameworks */ = {isa = PBXBuildFile; productRef = 05D556E82DE39D1C00EE6235 /* Functions */; };
		05D556EB2DE39D1C00EE6235 /* PostgREST in Frameworks */ = {isa = PBXBuildFile; productRef = 05D556EA2DE39D1C00EE6235 /* PostgREST */; };
		05D556ED2DE39D1C00EE6235 /* Realtime in Frameworks */ = {isa = PBXBuildFile; productRef = 05D556EC2DE39D1C00EE6235 /* Realtime */; };
		05D556EF2DE39D1C00EE6235 /* Storage in Frameworks */ = {isa = PBXBuildFile; productRef = 05D556EE2DE39D1C00EE6235 /* Storage */; };
		05D556F12DE39D1C00EE6235 /* Supabase in Frameworks */ = {isa = PBXBuildFile; productRef = 05D556F02DE39D1C00EE6235 /* Supabase */; };
		05D556F32DE39DA100EE6235 /* SupabaseManager.swift in Sources */ = {isa = PBXBuildFile; fileRef = 05D556F22DE39DA100EE6235 /* SupabaseManager.swift */; };
		05D556F52DE3A6D300EE6235 /* WorkoutLogger.swift in Sources */ = {isa = PBXBuildFile; fileRef = 05D556F42DE3A6D300EE6235 /* WorkoutLogger.swift */; };
		05D556F72DE3B96700EE6235 /* LogWorkoutView.swift in Sources */ = {isa = PBXBuildFile; fileRef = 05D556F62DE3B96700EE6235 /* LogWorkoutView.swift */; };
		05D556F92DE4E27B00EE6235 /* ExercisesView.swift in Sources */ = {isa = PBXBuildFile; fileRef = 05D556F82DE4E27B00EE6235 /* ExercisesView.swift */; };
		05D556FB2DE4EB6500EE6235 /* ExerciseDetailView.swift in Sources */ = {isa = PBXBuildFile; fileRef = 05D556FA2DE4EB6500EE6235 /* ExerciseDetailView.swift */; };
		CE479B752DE38C5000A43FD2 /* PinaStrengthApp.swift in Sources */ = {isa = PBXBuildFile; fileRef = CE479B742DE38C5000A43FD2 /* PinaStrengthApp.swift */; };
		CE479B772DE38C5000A43FD2 /* ContentView.swift in Sources */ = {isa = PBXBuildFile; fileRef = CE479B762DE38C5000A43FD2 /* ContentView.swift */; };
		CE479B792DE38C5200A43FD2 /* Assets.xcassets in Resources */ = {isa = PBXBuildFile; fileRef = CE479B782DE38C5200A43FD2 /* Assets.xcassets */; };
		CE479B7C2DE38C5200A43FD2 /* Preview Assets.xcassets in Resources */ = {isa = PBXBuildFile; fileRef = CE479B7B2DE38C5200A43FD2 /* Preview Assets.xcassets */; };
		CE479B852DE38D8600A43FD2 /* HistoryView.swift in Sources */ = {isa = PBXBuildFile; fileRef = CE479B842DE38D8600A43FD2 /* HistoryView.swift */; };
		CE479B872DE38DAE00A43FD2 /* RoutinesView.swift in Sources */ = {isa = PBXBuildFile; fileRef = CE479B862DE38DAE00A43FD2 /* RoutinesView.swift */; };
		CE479B892DE38DBB00A43FD2 /* ProfileView.swift in Sources */ = {isa = PBXBuildFile; fileRef = CE479B882DE38DBB00A43FD2 /* ProfileView.swift */; };
/* End PBXBuildFile section */

/* Begin PBXFileReference section */
		05AE519E2DE551C200000679 /* PastWorkoutDetailView.swift */ = {isa = PBXFileReference; lastKnownFileType = sourcecode.swift; path = PastWorkoutDetailView.swift; sourceTree = "<group>"; };
		05AE51A02DE556F400000679 /* CreateEditRoutineView.swift */ = {isa = PBXFileReference; lastKnownFileType = sourcecode.swift; path = CreateEditRoutineView.swift; sourceTree = "<group>"; };
		05D556F22DE39DA100EE6235 /* SupabaseManager.swift */ = {isa = PBXFileReference; lastKnownFileType = sourcecode.swift; path = SupabaseManager.swift; sourceTree = "<group>"; };
		05D556F42DE3A6D300EE6235 /* WorkoutLogger.swift */ = {isa = PBXFileReference; lastKnownFileType = sourcecode.swift; path = WorkoutLogger.swift; sourceTree = "<group>"; };
		05D556F62DE3B96700EE6235 /* LogWorkoutView.swift */ = {isa = PBXFileReference; lastKnownFileType = sourcecode.swift; path = LogWorkoutView.swift; sourceTree = "<group>"; };
		05D556F82DE4E27B00EE6235 /* ExercisesView.swift */ = {isa = PBXFileReference; lastKnownFileType = sourcecode.swift; path = ExercisesView.swift; sourceTree = "<group>"; };
		05D556FA2DE4EB6500EE6235 /* ExerciseDetailView.swift */ = {isa = PBXFileReference; lastKnownFileType = sourcecode.swift; path = ExerciseDetailView.swift; sourceTree = "<group>"; };
		CE479B712DE38C5000A43FD2 /* PinaStrength.app */ = {isa = PBXFileReference; explicitFileType = wrapper.application; includeInIndex = 0; path = PinaStrength.app; sourceTree = BUILT_PRODUCTS_DIR; };
		CE479B742DE38C5000A43FD2 /* PinaStrengthApp.swift */ = {isa = PBXFileReference; lastKnownFileType = sourcecode.swift; path = PinaStrengthApp.swift; sourceTree = "<group>"; };
		CE479B762DE38C5000A43FD2 /* ContentView.swift */ = {isa = PBXFileReference; lastKnownFileType = sourcecode.swift; path = ContentView.swift; sourceTree = "<group>"; };
		CE479B782DE38C5200A43FD2 /* Assets.xcassets */ = {isa = PBXFileReference; lastKnownFileType = folder.assetcatalog; path = Assets.xcassets; sourceTree = "<group>"; };
		CE479B7B2DE38C5200A43FD2 /* Preview Assets.xcassets */ = {isa = PBXFileReference; lastKnownFileType = folder.assetcatalog; path = "Preview Assets.xcassets"; sourceTree = "<group>"; };
		CE479B842DE38D8600A43FD2 /* HistoryView.swift */ = {isa = PBXFileReference; lastKnownFileType = sourcecode.swift; path = HistoryView.swift; sourceTree = "<group>"; };
		CE479B862DE38DAE00A43FD2 /* RoutinesView.swift */ = {isa = PBXFileReference; lastKnownFileType = sourcecode.swift; path = RoutinesView.swift; sourceTree = "<group>"; };
		CE479B882DE38DBB00A43FD2 /* ProfileView.swift */ = {isa = PBXFileReference; lastKnownFileType = sourcecode.swift; path = ProfileView.swift; sourceTree = "<group>"; };
/* End PBXFileReference section */

/* Begin PBXFrameworksBuildPhase section */
		CE479B6E2DE38C5000A43FD2 /* Frameworks */ = {
			isa = PBXFrameworksBuildPhase;
			buildActionMask = 2147483647;
			files = (
				05D556EB2DE39D1C00EE6235 /* PostgREST in Frameworks */,
				05D556E92DE39D1C00EE6235 /* Functions in Frameworks */,
				05D556F12DE39D1C00EE6235 /* Supabase in Frameworks */,
				05D556E72DE39D1C00EE6235 /* Auth in Frameworks */,
				05D556EF2DE39D1C00EE6235 /* Storage in Frameworks */,
				05D556ED2DE39D1C00EE6235 /* Realtime in Frameworks */,
			);
			runOnlyForDeploymentPostprocessing = 0;
		};
/* End PBXFrameworksBuildPhase section */

/* Begin PBXGroup section */
		CE479B682DE38C5000A43FD2 = {
			isa = PBXGroup;
			children = (
				CE479B732DE38C5000A43FD2 /* PinaStrength */,
				CE479B722DE38C5000A43FD2 /* Products */,
			);
			sourceTree = "<group>";
		};
		CE479B722DE38C5000A43FD2 /* Products */ = {
			isa = PBXGroup;
			children = (
				CE479B712DE38C5000A43FD2 /* PinaStrength.app */,
			);
			name = Products;
			sourceTree = "<group>";
		};
		CE479B732DE38C5000A43FD2 /* PinaStrength */ = {
			isa = PBXGroup;
			children = (
				05AE51A02DE556F400000679 /* CreateEditRoutineView.swift */,
				05AE519E2DE551C200000679 /* PastWorkoutDetailView.swift */,
				05D556FA2DE4EB6500EE6235 /* ExerciseDetailView.swift */,
				05D556F82DE4E27B00EE6235 /* ExercisesView.swift */,
				05D556F62DE3B96700EE6235 /* LogWorkoutView.swift */,
				05D556F42DE3A6D300EE6235 /* WorkoutLogger.swift */,
				CE479B742DE38C5000A43FD2 /* PinaStrengthApp.swift */,
				CE479B762DE38C5000A43FD2 /* ContentView.swift */,
				CE479B782DE38C5200A43FD2 /* Assets.xcassets */,
				CE479B7A2DE38C5200A43FD2 /* Preview Content */,
				CE479B842DE38D8600A43FD2 /* HistoryView.swift */,
				CE479B862DE38DAE00A43FD2 /* RoutinesView.swift */,
				CE479B882DE38DBB00A43FD2 /* ProfileView.swift */,
				05D556F22DE39DA100EE6235 /* SupabaseManager.swift */,
			);
			path = PinaStrength;
			sourceTree = "<group>";
		};
		CE479B7A2DE38C5200A43FD2 /* Preview Content */ = {
			isa = PBXGroup;
			children = (
				CE479B7B2DE38C5200A43FD2 /* Preview Assets.xcassets */,
			);
			path = "Preview Content";
			sourceTree = "<group>";
		};
/* End PBXGroup section */

/* Begin PBXNativeTarget section */
		CE479B702DE38C5000A43FD2 /* PinaStrength */ = {
			isa = PBXNativeTarget;
			buildConfigurationList = CE479B7F2DE38C5200A43FD2 /* Build configuration list for PBXNativeTarget "PinaStrength" */;
			buildPhases = (
				CE479B6D2DE38C5000A43FD2 /* Sources */,
				CE479B6E2DE38C5000A43FD2 /* Frameworks */,
				CE479B6F2DE38C5000A43FD2 /* Resources */,
			);
			buildRules = (
			);
			dependencies = (
			);
			name = PinaStrength;
			productName = PinaStrength;
			productReference = CE479B712DE38C5000A43FD2 /* PinaStrength.app */;
			productType = "com.apple.product-type.application";
		};
/* End PBXNativeTarget section */

/* Begin PBXProject section */
		CE479B692DE38C5000A43FD2 /* Project object */ = {
			isa = PBXProject;
			attributes = {
				BuildIndependentTargetsInParallel = 1;
				LastSwiftUpdateCheck = 1420;
				LastUpgradeCheck = 1420;
				TargetAttributes = {
					CE479B702DE38C5000A43FD2 = {
						CreatedOnToolsVersion = 14.2;
					};
				};
			};
			buildConfigurationList = CE479B6C2DE38C5000A43FD2 /* Build configuration list for PBXProject "PinaStrength" */;
			compatibilityVersion = "Xcode 14.0";
			developmentRegion = en;
			hasScannedForEncodings = 0;
			knownRegions = (
				en,
				Base,
			);
			mainGroup = CE479B682DE38C5000A43FD2;
			packageReferences = (
				05D556E52DE39D1C00EE6235 /* XCRemoteSwiftPackageReference "supabase-swift" */,
			);
			productRefGroup = CE479B722DE38C5000A43FD2 /* Products */;
			projectDirPath = "";
			projectRoot = "";
			targets = (
				CE479B702DE38C5000A43FD2 /* PinaStrength */,
			);
		};
/* End PBXProject section */

/* Begin PBXResourcesBuildPhase section */
		CE479B6F2DE38C5000A43FD2 /* Resources */ = {
			isa = PBXResourcesBuildPhase;
			buildActionMask = 2147483647;
			files = (
				CE479B7C2DE38C5200A43FD2 /* Preview Assets.xcassets in Resources */,
				CE479B792DE38C5200A43FD2 /* Assets.xcassets in Resources */,
			);
			runOnlyForDeploymentPostprocessing = 0;
		};
/* End PBXResourcesBuildPhase section */

/* Begin PBXSourcesBuildPhase section */
		CE479B6D2DE38C5000A43FD2 /* Sources */ = {
			isa = PBXSourcesBuildPhase;
			buildActionMask = 2147483647;
			files = (
				05D556F92DE4E27B00EE6235 /* ExercisesView.swift in Sources */,
				05AE51A12DE556F500000679 /* CreateEditRoutineView.swift in Sources */,
				05D556FB2DE4EB6500EE6235 /* ExerciseDetailView.swift in Sources */,
				CE479B772DE38C5000A43FD2 /* ContentView.swift in Sources */,
				05D556F52DE3A6D300EE6235 /* WorkoutLogger.swift in Sources */,
				CE479B852DE38D8600A43FD2 /* HistoryView.swift in Sources */,
				CE479B872DE38DAE00A43FD2 /* RoutinesView.swift in Sources */,
				05D556F72DE3B96700EE6235 /* LogWorkoutView.swift in Sources */,
				CE479B892DE38DBB00A43FD2 /* ProfileView.swift in Sources */,
				05AE519F2DE551C300000679 /* PastWorkoutDetailView.swift in Sources */,
				CE479B752DE38C5000A43FD2 /* PinaStrengthApp.swift in Sources */,
				05D556F32DE39DA100EE6235 /* SupabaseManager.swift in Sources */,
			);
			runOnlyForDeploymentPostprocessing = 0;
		};
/* End PBXSourcesBuildPhase section */

/* Begin XCBuildConfiguration section */
		CE479B7D2DE38C5200A43FD2 /* Debug */ = {
			isa = XCBuildConfiguration;
			buildSettings = {
				ALWAYS_SEARCH_USER_PATHS = NO;
				CLANG_ANALYZER_NONNULL = YES;
				CLANG_ANALYZER_NUMBER_OBJECT_CONVERSION = YES_AGGRESSIVE;
				CLANG_CXX_LANGUAGE_STANDARD = "gnu++20";
				CLANG_ENABLE_MODULES = YES;
				CLANG_ENABLE_OBJC_ARC = YES;
				CLANG_ENABLE_OBJC_WEAK = YES;
				CLANG_WARN_BLOCK_CAPTURE_AUTORELEASING = YES;
				CLANG_WARN_BOOL_CONVERSION = YES;
				CLANG_WARN_COMMA = YES;
				CLANG_WARN_CONSTANT_CONVERSION = YES;
				CLANG_WARN_DEPRECATED_OBJC_IMPLEMENTATIONS = YES;
				CLANG_WARN_DIRECT_OBJC_ISA_USAGE = YES_ERROR;
				CLANG_WARN_DOCUMENTATION_COMMENTS = YES;
				CLANG_WARN_EMPTY_BODY = YES;
				CLANG_WARN_ENUM_CONVERSION = YES;
				CLANG_WARN_INFINITE_RECURSION = YES;
				CLANG_WARN_INT_CONVERSION = YES;
				CLANG_WARN_NON_LITERAL_NULL_CONVERSION = YES;
				CLANG_WARN_OBJC_IMPLICIT_RETAIN_SELF = YES;
				CLANG_WARN_OBJC_LITERAL_CONVERSION = YES;
				CLANG_WARN_OBJC_ROOT_CLASS = YES_ERROR;
				CLANG_WARN_QUOTED_INCLUDE_IN_FRAMEWORK_HEADER = YES;
				CLANG_WARN_RANGE_LOOP_ANALYSIS = YES;
				CLANG_WARN_STRICT_PROTOTYPES = YES;
				CLANG_WARN_SUSPICIOUS_MOVE = YES;
				CLANG_WARN_UNGUARDED_AVAILABILITY = YES_AGGRESSIVE;
				CLANG_WARN_UNREACHABLE_CODE = YES;
				CLANG_WARN__DUPLICATE_METHOD_MATCH = YES;
				COPY_PHASE_STRIP = NO;
				DEBUG_INFORMATION_FORMAT = dwarf;
				ENABLE_STRICT_OBJC_MSGSEND = YES;
				ENABLE_TESTABILITY = YES;
				GCC_C_LANGUAGE_STANDARD = gnu11;
				GCC_DYNAMIC_NO_PIC = NO;
				GCC_NO_COMMON_BLOCKS = YES;
				GCC_OPTIMIZATION_LEVEL = 0;
				GCC_PREPROCESSOR_DEFINITIONS = (
					"DEBUG=1",
					"$(inherited)",
				);
				GCC_WARN_64_TO_32_BIT_CONVERSION = YES;
				GCC_WARN_ABOUT_RETURN_TYPE = YES_ERROR;
				GCC_WARN_UNDECLARED_SELECTOR = YES;
				GCC_WARN_UNINITIALIZED_AUTOS = YES_AGGRESSIVE;
				GCC_WARN_UNUSED_FUNCTION = YES;
				GCC_WARN_UNUSED_VARIABLE = YES;
				IPHONEOS_DEPLOYMENT_TARGET = 16.2;
				MTL_ENABLE_DEBUG_INFO = INCLUDE_SOURCE;
				MTL_FAST_MATH = YES;
				ONLY_ACTIVE_ARCH = YES;
				SDKROOT = iphoneos;
				SWIFT_ACTIVE_COMPILATION_CONDITIONS = DEBUG;
				SWIFT_OPTIMIZATION_LEVEL = "-Onone";
			};
			name = Debug;
		};
		CE479B7E2DE38C5200A43FD2 /* Release */ = {
			isa = XCBuildConfiguration;
			buildSettings = {
				ALWAYS_SEARCH_USER_PATHS = NO;
				CLANG_ANALYZER_NONNULL = YES;
				CLANG_ANALYZER_NUMBER_OBJECT_CONVERSION = YES_AGGRESSIVE;
				CLANG_CXX_LANGUAGE_STANDARD = "gnu++20";
				CLANG_ENABLE_MODULES = YES;
				CLANG_ENABLE_OBJC_ARC = YES;
				CLANG_ENABLE_OBJC_WEAK = YES;
				CLANG_WARN_BLOCK_CAPTURE_AUTORELEASING = YES;
				CLANG_WARN_BOOL_CONVERSION = YES;
				CLANG_WARN_COMMA = YES;
				CLANG_WARN_CONSTANT_CONVERSION = YES;
				CLANG_WARN_DEPRECATED_OBJC_IMPLEMENTATIONS = YES;
				CLANG_WARN_DIRECT_OBJC_ISA_USAGE = YES_ERROR;
				CLANG_WARN_DOCUMENTATION_COMMENTS = YES;
				CLANG_WARN_EMPTY_BODY = YES;
				CLANG_WARN_ENUM_CONVERSION = YES;
				CLANG_WARN_INFINITE_RECURSION = YES;
				CLANG_WARN_INT_CONVERSION = YES;
				CLANG_WARN_NON_LITERAL_NULL_CONVERSION = YES;
				CLANG_WARN_OBJC_IMPLICIT_RETAIN_SELF = YES;
				CLANG_WARN_OBJC_LITERAL_CONVERSION = YES;
				CLANG_WARN_OBJC_ROOT_CLASS = YES_ERROR;
				CLANG_WARN_QUOTED_INCLUDE_IN_FRAMEWORK_HEADER = YES;
				CLANG_WARN_RANGE_LOOP_ANALYSIS = YES;
				CLANG_WARN_STRICT_PROTOTYPES = YES;
				CLANG_WARN_SUSPICIOUS_MOVE = YES;
				CLANG_WARN_UNGUARDED_AVAILABILITY = YES_AGGRESSIVE;
				CLANG_WARN_UNREACHABLE_CODE = YES;
				CLANG_WARN__DUPLICATE_METHOD_MATCH = YES;
				COPY_PHASE_STRIP = NO;
				DEBUG_INFORMATION_FORMAT = "dwarf-with-dsym";
				ENABLE_NS_ASSERTIONS = NO;
				ENABLE_STRICT_OBJC_MSGSEND = YES;
				GCC_C_LANGUAGE_STANDARD = gnu11;
				GCC_NO_COMMON_BLOCKS = YES;
				GCC_WARN_64_TO_32_BIT_CONVERSION = YES;
				GCC_WARN_ABOUT_RETURN_TYPE = YES_ERROR;
				GCC_WARN_UNDECLARED_SELECTOR = YES;
				GCC_WARN_UNINITIALIZED_AUTOS = YES_AGGRESSIVE;
				GCC_WARN_UNUSED_FUNCTION = YES;
				GCC_WARN_UNUSED_VARIABLE = YES;
				IPHONEOS_DEPLOYMENT_TARGET = 16.2;
				MTL_ENABLE_DEBUG_INFO = NO;
				MTL_FAST_MATH = YES;
				SDKROOT = iphoneos;
				SWIFT_COMPILATION_MODE = wholemodule;
				SWIFT_OPTIMIZATION_LEVEL = "-O";
				VALIDATE_PRODUCT = YES;
			};
			name = Release;
		};
		CE479B802DE38C5200A43FD2 /* Debug */ = {
			isa = XCBuildConfiguration;
			buildSettings = {
				ASSETCATALOG_COMPILER_APPICON_NAME = AppIcon;
				ASSETCATALOG_COMPILER_GLOBAL_ACCENT_COLOR_NAME = AccentColor;
				CODE_SIGN_STYLE = Automatic;
				CURRENT_PROJECT_VERSION = 1;
				DEVELOPMENT_ASSET_PATHS = "\"PinaStrength/Preview Content\"";
				DEVELOPMENT_TEAM = FUG2TMK652;
				ENABLE_PREVIEWS = YES;
				GENERATE_INFOPLIST_FILE = YES;
				INFOPLIST_KEY_UIApplicationSceneManifest_Generation = YES;
				INFOPLIST_KEY_UIApplicationSupportsIndirectInputEvents = YES;
				INFOPLIST_KEY_UILaunchScreen_Generation = YES;
				INFOPLIST_KEY_UISupportedInterfaceOrientations_iPad = "UIInterfaceOrientationPortrait UIInterfaceOrientationPortraitUpsideDown UIInterfaceOrientationLandscapeLeft UIInterfaceOrientationLandscapeRight";
				INFOPLIST_KEY_UISupportedInterfaceOrientations_iPhone = "UIInterfaceOrientationPortrait UIInterfaceOrientationLandscapeLeft UIInterfaceOrientationLandscapeRight";
				IPHONEOS_DEPLOYMENT_TARGET = 16.0;
				LD_RUNPATH_SEARCH_PATHS = (
					"$(inherited)",
					"@executable_path/Frameworks",
				);
				MARKETING_VERSION = 1.0;
				PRODUCT_BUNDLE_IDENTIFIER = pina.PinaStrength;
				PRODUCT_NAME = "$(TARGET_NAME)";
				SWIFT_EMIT_LOC_STRINGS = YES;
				SWIFT_VERSION = 5.0;
				TARGETED_DEVICE_FAMILY = "1,2";
			};
			name = Debug;
		};
		CE479B812DE38C5200A43FD2 /* Release */ = {
			isa = XCBuildConfiguration;
			buildSettings = {
				ASSETCATALOG_COMPILER_APPICON_NAME = AppIcon;
				ASSETCATALOG_COMPILER_GLOBAL_ACCENT_COLOR_NAME = AccentColor;
				CODE_SIGN_STYLE = Automatic;
				CURRENT_PROJECT_VERSION = 1;
				DEVELOPMENT_ASSET_PATHS = "\"PinaStrength/Preview Content\"";
				DEVELOPMENT_TEAM = FUG2TMK652;
				ENABLE_PREVIEWS = YES;
				GENERATE_INFOPLIST_FILE = YES;
				INFOPLIST_KEY_UIApplicationSceneManifest_Generation = YES;
				INFOPLIST_KEY_UIApplicationSupportsIndirectInputEvents = YES;
				INFOPLIST_KEY_UILaunchScreen_Generation = YES;
				INFOPLIST_KEY_UISupportedInterfaceOrientations_iPad = "UIInterfaceOrientationPortrait UIInterfaceOrientationPortraitUpsideDown UIInterfaceOrientationLandscapeLeft UIInterfaceOrientationLandscapeRight";
				INFOPLIST_KEY_UISupportedInterfaceOrientations_iPhone = "UIInterfaceOrientationPortrait UIInterfaceOrientationLandscapeLeft UIInterfaceOrientationLandscapeRight";
				IPHONEOS_DEPLOYMENT_TARGET = 16.0;
				LD_RUNPATH_SEARCH_PATHS = (
					"$(inherited)",
					"@executable_path/Frameworks",
				);
				MARKETING_VERSION = 1.0;
				PRODUCT_BUNDLE_IDENTIFIER = pina.PinaStrength;
				PRODUCT_NAME = "$(TARGET_NAME)";
				SWIFT_EMIT_LOC_STRINGS = YES;
				SWIFT_VERSION = 5.0;
				TARGETED_DEVICE_FAMILY = "1,2";
			};
			name = Release;
		};
/* End XCBuildConfiguration section */

/* Begin XCConfigurationList section */
		CE479B6C2DE38C5000A43FD2 /* Build configuration list for PBXProject "PinaStrength" */ = {
			isa = XCConfigurationList;
			buildConfigurations = (
				CE479B7D2DE38C5200A43FD2 /* Debug */,
				CE479B7E2DE38C5200A43FD2 /* Release */,
			);
			defaultConfigurationIsVisible = 0;
			defaultConfigurationName = Release;
		};
		CE479B7F2DE38C5200A43FD2 /* Build configuration list for PBXNativeTarget "PinaStrength" */ = {
			isa = XCConfigurationList;
			buildConfigurations = (
				CE479B802DE38C5200A43FD2 /* Debug */,
				CE479B812DE38C5200A43FD2 /* Release */,
			);
			defaultConfigurationIsVisible = 0;
			defaultConfigurationName = Release;
		};
/* End XCConfigurationList section */

/* Begin XCRemoteSwiftPackageReference section */
		05D556E52DE39D1C00EE6235 /* XCRemoteSwiftPackageReference "supabase-swift" */ = {
			isa = XCRemoteSwiftPackageReference;
			repositoryURL = "https://github.com/supabase-community/supabase-swift.git";
			requirement = {
				kind = upToNextMajorVersion;
				minimumVersion = 2.5.1;
			};
		};
/* End XCRemoteSwiftPackageReference section */

/* Begin XCSwiftPackageProductDependency section */
		05D556E62DE39D1C00EE6235 /* Auth */ = {
			isa = XCSwiftPackageProductDependency;
			package = 05D556E52DE39D1C00EE6235 /* XCRemoteSwiftPackageReference "supabase-swift" */;
			productName = Auth;
		};
		05D556E82DE39D1C00EE6235 /* Functions */ = {
			isa = XCSwiftPackageProductDependency;
			package = 05D556E52DE39D1C00EE6235 /* XCRemoteSwiftPackageReference "supabase-swift" */;
			productName = Functions;
		};
		05D556EA2DE39D1C00EE6235 /* PostgREST */ = {
			isa = XCSwiftPackageProductDependency;
			package = 05D556E52DE39D1C00EE6235 /* XCRemoteSwiftPackageReference "supabase-swift" */;
			productName = PostgREST;
		};
		05D556EC2DE39D1C00EE6235 /* Realtime */ = {
			isa = XCSwiftPackageProductDependency;
			package = 05D556E52DE39D1C00EE6235 /* XCRemoteSwiftPackageReference "supabase-swift" */;
			productName = Realtime;
		};
		05D556EE2DE39D1C00EE6235 /* Storage */ = {
			isa = XCSwiftPackageProductDependency;
			package = 05D556E52DE39D1C00EE6235 /* XCRemoteSwiftPackageReference "supabase-swift" */;
			productName = Storage;
		};
		05D556F02DE39D1C00EE6235 /* Supabase */ = {
			isa = XCSwiftPackageProductDependency;
			package = 05D556E52DE39D1C00EE6235 /* XCRemoteSwiftPackageReference "supabase-swift" */;
			productName = Supabase;
		};
/* End XCSwiftPackageProductDependency section */
	};
	rootObject = CE479B692DE38C5000A43FD2 /* Project object */;
}
